PODS:
  - em_chat_uikit (0.0.1):
    - Flutter
  - Flutter (1.0.0)
  - HyphenateChat (4.2.0)
  - im_flutter_sdk (0.0.1):
    - Flutter
    - HyphenateChat (= 4.2.0)
  - image_picker_ios (0.0.1):
    - Flutter
  - integration_test (0.0.1):
    - Flutter
  - path_provider_foundation (0.0.1):
    - Flutter
    - FlutterMacOS
  - record_darwin (1.0.0):
    - Flutter
    - FlutterMacOS
  - shared_preferences_foundation (0.0.1):
    - Flutter
    - FlutterMacOS

DEPENDENCIES:
  - em_chat_uikit (from `.symlinks/plugins/em_chat_uikit/ios`)
  - Flutter (from `Flutter`)
  - im_flutter_sdk (from `.symlinks/plugins/im_flutter_sdk/ios`)
  - image_picker_ios (from `.symlinks/plugins/image_picker_ios/ios`)
  - integration_test (from `.symlinks/plugins/integration_test/ios`)
  - path_provider_foundation (from `.symlinks/plugins/path_provider_foundation/darwin`)
  - record_darwin (from `.symlinks/plugins/record_darwin/ios`)
  - shared_preferences_foundation (from `.symlinks/plugins/shared_preferences_foundation/darwin`)

SPEC REPOS:
  trunk:
    - HyphenateChat

EXTERNAL SOURCES:
  em_chat_uikit:
    :path: ".symlinks/plugins/em_chat_uikit/ios"
  Flutter:
    :path: Flutter
  im_flutter_sdk:
    :path: ".symlinks/plugins/im_flutter_sdk/ios"
  image_picker_ios:
    :path: ".symlinks/plugins/image_picker_ios/ios"
  integration_test:
    :path: ".symlinks/plugins/integration_test/ios"
  path_provider_foundation:
    :path: ".symlinks/plugins/path_provider_foundation/darwin"
  record_darwin:
    :path: ".symlinks/plugins/record_darwin/ios"
  shared_preferences_foundation:
    :path: ".symlinks/plugins/shared_preferences_foundation/darwin"

SPEC CHECKSUMS:
  em_chat_uikit: 92556d018d33a4e763e25609e3f12fda03d6b347
  Flutter: f04841e97a9d0b0a8025694d0796dd46242b2854
  HyphenateChat: e43d1ec9ccf404eeb2ee7d3265cd12a4e83f0d3a
  im_flutter_sdk: 0012f5bb4bf59284f6b5e55059f96e60eb527328
  image_picker_ios: 4a8aadfbb6dc30ad5141a2ce3832af9214a705b5
  integration_test: 13825b8a9334a850581300559b8839134b124670
  path_provider_foundation: 29f094ae23ebbca9d3d0cec13889cd9060c0e943
  record_darwin: 1f6619f2abac4d1ca91d3eeab038c980d76f1517
  shared_preferences_foundation: 5b919d13b803cadd15ed2dc053125c68730e5126

PODFILE CHECKSUM: 70d9d25280d0dd177a5f637cdb0f0b0b12c6a189

COCOAPODS: 1.11.3
